
Microsoft Visual Studio Solution File, Format Version 12.00
Project("{FAE04EC0-301F-11D3-BF4B-00C04F79EFBC}") = "HealthCheck", "HealthCheck\HealthCheck.csproj", "{714D021E-467A-4B6A-BF16-641E9EA03662}"
EndProject
Global
	GlobalSection(SolutionConfigurationPlatforms) = preSolution
		Debug|Any CPU = Debug|Any CPU
		Release|Any CPU = Release|Any CPU
	EndGlobalSection
	GlobalSection(ProjectConfigurationPlatforms) = postSolution
		{714D021E-467A-4B6A-BF16-641E9EA03662}.Debug|Any CPU.ActiveCfg = Debug|Any CPU
		{714D021E-467A-4B6A-BF16-641E9EA03662}.Debug|Any CPU.Build.0 = Debug|Any CPU
		{714D021E-467A-4B6A-BF16-641E9EA03662}.Release|Any CPU.ActiveCfg = Release|Any CPU
		{714D021E-467A-4B6A-BF16-641E9EA03662}.Release|Any CPU.Build.0 = Release|Any CPU
	EndGlobalSection
EndGlobal
